// !$*UTF8*$!
{
	archiveVersion = 1;
	classes = {
	};
	objectVersion = 50;
	objects = {

/* Begin PBXBuildFile section */
		81ED87D12502E4C5008A578E /* SinusoidalFunction.swift in Sources */ = {isa = PBXBuildFile; fileRef = 81ED87D02502E4C5008A578E /* SinusoidalFunction.swift */; };
		81ED87D22502E4C5008A578E /* SinusoidalFunction.swift in Sources */ = {isa = PBXBuildFile; fileRef = 81ED87D02502E4C5008A578E /* SinusoidalFunction.swift */; };
		81ED87D52503BBC4008A578E /* UnitCirclePlane.swift in Sources */ = {isa = PBXBuildFile; fileRef = 81ED87D42503BBC4008A578E /* UnitCirclePlane.swift */; };
		81ED87D62503BBC4008A578E /* UnitCirclePlane.swift in Sources */ = {isa = PBXBuildFile; fileRef = 81ED87D42503BBC4008A578E /* UnitCirclePlane.swift */; };
		81ED87D82503BC67008A578E /* UnitCircleAxes.swift in Sources */ = {isa = PBXBuildFile; fileRef = 81ED87D72503BC67008A578E /* UnitCircleAxes.swift */; };
		81ED87D92503BC67008A578E /* UnitCircleAxes.swift in Sources */ = {isa = PBXBuildFile; fileRef = 81ED87D72503BC67008A578E /* UnitCircleAxes.swift */; };
		81F98B2D25019C7400A114B2 /* SinusoidalFunctionsApp.swift in Sources */ = {isa = PBXBuildFile; fileRef = 81F98B1A25019C7200A114B2 /* SinusoidalFunctionsApp.swift */; };
		81F98B2E25019C7400A114B2 /* SinusoidalFunctionsApp.swift in Sources */ = {isa = PBXBuildFile; fileRef = 81F98B1A25019C7200A114B2 /* SinusoidalFunctionsApp.swift */; };
		81F98B2F25019C7400A114B2 /* ContentView.swift in Sources */ = {isa = PBXBuildFile; fileRef = 81F98B1B25019C7200A114B2 /* ContentView.swift */; };
		81F98B3025019C7400A114B2 /* ContentView.swift in Sources */ = {isa = PBXBuildFile; fileRef = 81F98B1B25019C7200A114B2 /* ContentView.swift */; };
		81F98B3125019C7400A114B2 /* Assets.xcassets in Resources */ = {isa = PBXBuildFile; fileRef = 81F98B1C25019C7300A114B2 /* Assets.xcassets */; };
		81F98B3225019C7400A114B2 /* Assets.xcassets in Resources */ = {isa = PBXBuildFile; fileRef = 81F98B1C25019C7300A114B2 /* Assets.xcassets */; };
		81F98B4225027A0B00A114B2 /* CGAffineTransform+transformToPlanes.swift in Sources */ = {isa = PBXBuildFile; fileRef = 81F98B4125027A0B00A114B2 /* CGAffineTransform+transformToPlanes.swift */; };
		81F98B4325027A0B00A114B2 /* CGAffineTransform+transformToPlanes.swift in Sources */ = {isa = PBXBuildFile; fileRef = 81F98B4125027A0B00A114B2 /* CGAffineTransform+transformToPlanes.swift */; };
		81F98B4525027A6D00A114B2 /* Axes.swift in Sources */ = {isa = PBXBuildFile; fileRef = 81F98B4425027A6D00A114B2 /* Axes.swift */; };
		81F98B4625027A6D00A114B2 /* Axes.swift in Sources */ = {isa = PBXBuildFile; fileRef = 81F98B4425027A6D00A114B2 /* Axes.swift */; };
		81F98B4F2502ABE600A114B2 /* Labels.swift in Sources */ = {isa = PBXBuildFile; fileRef = 81F98B4E2502ABE600A114B2 /* Labels.swift */; };
		81F98B502502ABE600A114B2 /* Labels.swift in Sources */ = {isa = PBXBuildFile; fileRef = 81F98B4E2502ABE600A114B2 /* Labels.swift */; };
		81F98B522502AC9400A114B2 /* AxisLabel.swift in Sources */ = {isa = PBXBuildFile; fileRef = 81F98B512502AC9400A114B2 /* AxisLabel.swift */; };
		81F98B532502AC9400A114B2 /* AxisLabel.swift in Sources */ = {isa = PBXBuildFile; fileRef = 81F98B512502AC9400A114B2 /* AxisLabel.swift */; };
		81F98B552502AD7E00A114B2 /* CartesianPlane.swift in Sources */ = {isa = PBXBuildFile; fileRef = 81F98B542502AD7E00A114B2 /* CartesianPlane.swift */; };
		81F98B562502AD7E00A114B2 /* CartesianPlane.swift in Sources */ = {isa = PBXBuildFile; fileRef = 81F98B542502AD7E00A114B2 /* CartesianPlane.swift */; };
/* End PBXBuildFile section */

/* Begin PBXFileReference section */
		81ED87D02502E4C5008A578E /* SinusoidalFunction.swift */ = {isa = PBXFileReference; lastKnownFileType = sourcecode.swift; path = SinusoidalFunction.swift; sourceTree = "<group>"; };
		81ED87D42503BBC4008A578E /* UnitCirclePlane.swift */ = {isa = PBXFileReference; lastKnownFileType = sourcecode.swift; path = UnitCirclePlane.swift; sourceTree = "<group>"; };
		81ED87D72503BC67008A578E /* UnitCircleAxes.swift */ = {isa = PBXFileReference; lastKnownFileType = sourcecode.swift; path = UnitCircleAxes.swift; sourceTree = "<group>"; };
		81F98B1A25019C7200A114B2 /* SinusoidalFunctionsApp.swift */ = {isa = PBXFileReference; lastKnownFileType = sourcecode.swift; path = SinusoidalFunctionsApp.swift; sourceTree = "<group>"; };
		81F98B1B25019C7200A114B2 /* ContentView.swift */ = {isa = PBXFileReference; lastKnownFileType = sourcecode.swift; path = ContentView.swift; sourceTree = "<group>"; };
		81F98B1C25019C7300A114B2 /* Assets.xcassets */ = {isa = PBXFileReference; lastKnownFileType = folder.assetcatalog; path = Assets.xcassets; sourceTree = "<group>"; };
		81F98B2125019C7300A114B2 /* SinusoidalFunctions.app */ = {isa = PBXFileReference; explicitFileType = wrapper.application; includeInIndex = 0; path = SinusoidalFunctions.app; sourceTree = BUILT_PRODUCTS_DIR; };
		81F98B2425019C7300A114B2 /* Info.plist */ = {isa = PBXFileReference; lastKnownFileType = text.plist.xml; path = Info.plist; sourceTree = "<group>"; };
		81F98B2925019C7300A114B2 /* SinusoidalFunctions.app */ = {isa = PBXFileReference; explicitFileType = wrapper.application; includeInIndex = 0; path = SinusoidalFunctions.app; sourceTree = BUILT_PRODUCTS_DIR; };
		81F98B2B25019C7400A114B2 /* Info.plist */ = {isa = PBXFileReference; lastKnownFileType = text.plist.xml; path = Info.plist; sourceTree = "<group>"; };
		81F98B2C25019C7400A114B2 /* macOS.entitlements */ = {isa = PBXFileReference; lastKnownFileType = text.plist.entitlements; path = macOS.entitlements; sourceTree = "<group>"; };
		81F98B4125027A0B00A114B2 /* CGAffineTransform+transformToPlanes.swift */ = {isa = PBXFileReference; lastKnownFileType = sourcecode.swift; path = "CGAffineTransform+transformToPlanes.swift"; sourceTree = "<group>"; };
		81F98B4425027A6D00A114B2 /* Axes.swift */ = {isa = PBXFileReference; lastKnownFileType = sourcecode.swift; path = Axes.swift; sourceTree = "<group>"; };
		81F98B4E2502ABE600A114B2 /* Labels.swift */ = {isa = PBXFileReference; lastKnownFileType = sourcecode.swift; path = Labels.swift; sourceTree = "<group>"; };
		81F98B512502AC9400A114B2 /* AxisLabel.swift */ = {isa = PBXFileReference; lastKnownFileType = sourcecode.swift; path = AxisLabel.swift; sourceTree = "<group>"; };
		81F98B542502AD7E00A114B2 /* CartesianPlane.swift */ = {isa = PBXFileReference; lastKnownFileType = sourcecode.swift; path = CartesianPlane.swift; sourceTree = "<group>"; };
/* End PBXFileReference section */

/* Begin PBXFrameworksBuildPhase section */
		81F98B1E25019C7300A114B2 /* Frameworks */ = {
			isa = PBXFrameworksBuildPhase;
			buildActionMask = 2147483647;
			files = (
			);
			runOnlyForDeploymentPostprocessing = 0;
		};
		81F98B2625019C7300A114B2 /* Frameworks */ = {
			isa = PBXFrameworksBuildPhase;
			buildActionMask = 2147483647;
			files = (
			);
			runOnlyForDeploymentPostprocessing = 0;
		};
/* End PBXFrameworksBuildPhase section */

/* Begin PBXGroup section */
		81ED87D32503BB93008A578E /* UnitCirclePlane */ = {
			isa = PBXGroup;
			children = (
				81ED87D42503BBC4008A578E /* UnitCirclePlane.swift */,
				81ED87D72503BC67008A578E /* UnitCircleAxes.swift */,
			);
			path = UnitCirclePlane;
			sourceTree = "<group>";
		};
		81F98B1425019C7200A114B2 = {
			isa = PBXGroup;
			children = (
				81F98B1925019C7200A114B2 /* Shared */,
				81F98B2325019C7300A114B2 /* iOS */,
				81F98B2A25019C7300A114B2 /* macOS */,
				81F98B2225019C7300A114B2 /* Products */,
			);
			sourceTree = "<group>";
		};
		81F98B1925019C7200A114B2 /* Shared */ = {
			isa = PBXGroup;
			children = (
				81ED87D32503BB93008A578E /* UnitCirclePlane */,
				81F98B572502AE8600A114B2 /* CartesianPlane */,
				81F98B1A25019C7200A114B2 /* SinusoidalFunctionsApp.swift */,
				81F98B1B25019C7200A114B2 /* ContentView.swift */,
				81ED87D02502E4C5008A578E /* SinusoidalFunction.swift */,
				81F98B1C25019C7300A114B2 /* Assets.xcassets */,
			);
			path = Shared;
			sourceTree = "<group>";
		};
		81F98B2225019C7300A114B2 /* Products */ = {
			isa = PBXGroup;
			children = (
				81F98B2125019C7300A114B2 /* SinusoidalFunctions.app */,
				81F98B2925019C7300A114B2 /* SinusoidalFunctions.app */,
			);
			name = Products;
			sourceTree = "<group>";
		};
		81F98B2325019C7300A114B2 /* iOS */ = {
			isa = PBXGroup;
			children = (
				81F98B2425019C7300A114B2 /* Info.plist */,
			);
			path = iOS;
			sourceTree = "<group>";
		};
		81F98B2A25019C7300A114B2 /* macOS */ = {
			isa = PBXGroup;
			children = (
				81F98B2B25019C7400A114B2 /* Info.plist */,
				81F98B2C25019C7400A114B2 /* macOS.entitlements */,
			);
			path = macOS;
			sourceTree = "<group>";
		};
		81F98B572502AE8600A114B2 /* CartesianPlane */ = {
			isa = PBXGroup;
			children = (
				81F98B542502AD7E00A114B2 /* CartesianPlane.swift */,
				81F98B4425027A6D00A114B2 /* Axes.swift */,
				81F98B4E2502ABE600A114B2 /* Labels.swift */,
				81F98B512502AC9400A114B2 /* AxisLabel.swift */,
				81F98B4125027A0B00A114B2 /* CGAffineTransform+transformToPlanes.swift */,
			);
			path = CartesianPlane;
			sourceTree = "<group>";
		};
/* End PBXGroup section */

/* Begin PBXNativeTarget section */
		81F98B2025019C7300A114B2 /* SinusoidalFunctions (iOS) */ = {
			isa = PBXNativeTarget;
			buildConfigurationList = 81F98B3525019C7400A114B2 /* Build configuration list for PBXNativeTarget "SinusoidalFunctions (iOS)" */;
			buildPhases = (
				81F98B1D25019C7300A114B2 /* Sources */,
				81F98B1E25019C7300A114B2 /* Frameworks */,
				81F98B1F25019C7300A114B2 /* Resources */,
			);
			buildRules = (
			);
			dependencies = (
			);
			name = "SinusoidalFunctions (iOS)";
			productName = "SinusoidalFunctions (iOS)";
			productReference = 81F98B2125019C7300A114B2 /* SinusoidalFunctions.app */;
			productType = "com.apple.product-type.application";
		};
		81F98B2825019C7300A114B2 /* SinusoidalFunctions (macOS) */ = {
			isa = PBXNativeTarget;
			buildConfigurationList = 81F98B3825019C7400A114B2 /* Build configuration list for PBXNativeTarget "SinusoidalFunctions (macOS)" */;
			buildPhases = (
				81F98B2525019C7300A114B2 /* Sources */,
				81F98B2625019C7300A114B2 /* Frameworks */,
				81F98B2725019C7300A114B2 /* Resources */,
			);
			buildRules = (
			);
			dependencies = (
			);
			name = "SinusoidalFunctions (macOS)";
			productName = "SinusoidalFunctions (macOS)";
			productReference = 81F98B2925019C7300A114B2 /* SinusoidalFunctions.app */;
			productType = "com.apple.product-type.application";
		};
/* End PBXNativeTarget section */

/* Begin PBXProject section */
		81F98B1525019C7200A114B2 /* Project object */ = {
			isa = PBXProject;
			attributes = {
				LastSwiftUpdateCheck = 1200;
				LastUpgradeCheck = 1200;
				TargetAttributes = {
					81F98B2025019C7300A114B2 = {
						CreatedOnToolsVersion = 12.0;
					};
					81F98B2825019C7300A114B2 = {
						CreatedOnToolsVersion = 12.0;
					};
				};
			};
			buildConfigurationList = 81F98B1825019C7200A114B2 /* Build configuration list for PBXProject "SinusoidalFunctions" */;
			compatibilityVersion = "Xcode 9.3";
			developmentRegion = en;
			hasScannedForEncodings = 0;
			knownRegions = (
				en,
				Base,
			);
			mainGroup = 81F98B1425019C7200A114B2;
			productRefGroup = 81F98B2225019C7300A114B2 /* Products */;
			projectDirPath = "";
			projectRoot = "";
			targets = (
				81F98B2025019C7300A114B2 /* SinusoidalFunctions (iOS) */,
				81F98B2825019C7300A114B2 /* SinusoidalFunctions (macOS) */,
			);
		};
/* End PBXProject section */

/* Begin PBXResourcesBuildPhase section */
		81F98B1F25019C7300A114B2 /* Resources */ = {
			isa = PBXResourcesBuildPhase;
			buildActionMask = 2147483647;
			files = (
				81F98B3125019C7400A114B2 /* Assets.xcassets in Resources */,
			);
			runOnlyForDeploymentPostprocessing = 0;
		};
		81F98B2725019C7300A114B2 /* Resources */ = {
			isa = PBXResourcesBuildPhase;
			buildActionMask = 2147483647;
			files = (
				81F98B3225019C7400A114B2 /* Assets.xcassets in Resources */,
			);
			runOnlyForDeploymentPostprocessing = 0;
		};
/* End PBXResourcesBuildPhase section */

/* Begin PBXSourcesBuildPhase section */
		81F98B1D25019C7300A114B2 /* Sources */ = {
			isa = PBXSourcesBuildPhase;
			buildActionMask = 2147483647;
			files = (
				81F98B4225027A0B00A114B2 /* CGAffineTransform+transformToPlanes.swift in Sources */,
				81F98B4F2502ABE600A114B2 /* Labels.swift in Sources */,
				81ED87D52503BBC4008A578E /* UnitCirclePlane.swift in Sources */,
				81F98B552502AD7E00A114B2 /* CartesianPlane.swift in Sources */,
				81F98B4525027A6D00A114B2 /* Axes.swift in Sources */,
				81ED87D12502E4C5008A578E /* SinusoidalFunction.swift in Sources */,
				81ED87D82503BC67008A578E /* UnitCircleAxes.swift in Sources */,
				81F98B522502AC9400A114B2 /* AxisLabel.swift in Sources */,
				81F98B2F25019C7400A114B2 /* ContentView.swift in Sources */,
				81F98B2D25019C7400A114B2 /* SinusoidalFunctionsApp.swift in Sources */,
			);
			runOnlyForDeploymentPostprocessing = 0;
		};
		81F98B2525019C7300A114B2 /* Sources */ = {
			isa = PBXSourcesBuildPhase;
			buildActionMask = 2147483647;
			files = (
				81F98B4325027A0B00A114B2 /* CGAffineTransform+transformToPlanes.swift in Sources */,
				81F98B502502ABE600A114B2 /* Labels.swift in Sources */,
				81ED87D62503BBC4008A578E /* UnitCirclePlane.swift in Sources */,
				81F98B562502AD7E00A114B2 /* CartesianPlane.swift in Sources */,
				81F98B4625027A6D00A114B2 /* Axes.swift in Sources */,
				81ED87D22502E4C5008A578E /* SinusoidalFunction.swift in Sources */,
				81ED87D92503BC67008A578E /* UnitCircleAxes.swift in Sources */,
				81F98B532502AC9400A114B2 /* AxisLabel.swift in Sources */,
				81F98B3025019C7400A114B2 /* ContentView.swift in Sources */,
				81F98B2E25019C7400A114B2 /* SinusoidalFunctionsApp.swift in Sources */,
			);
			runOnlyForDeploymentPostprocessing = 0;
		};
/* End PBXSourcesBuildPhase section */

/* Begin XCBuildConfiguration section */
		81F98B3325019C7400A114B2 /* Debug */ = {
			isa = XCBuildConfiguration;
			buildSettings = {
				ALWAYS_SEARCH_USER_PATHS = NO;
				CLANG_ANALYZER_NONNULL = YES;
				CLANG_ANALYZER_NUMBER_OBJECT_CONVERSION = YES_AGGRESSIVE;
				CLANG_CXX_LANGUAGE_STANDARD = "gnu++14";
				CLANG_CXX_LIBRARY = "libc++";
				CLANG_ENABLE_MODULES = YES;
				CLANG_ENABLE_OBJC_ARC = YES;
				CLANG_ENABLE_OBJC_WEAK = YES;
				CLANG_WARN_BLOCK_CAPTURE_AUTORELEASING = YES;
				CLANG_WARN_BOOL_CONVERSION = YES;
				CLANG_WARN_COMMA = YES;
				CLANG_WARN_CONSTANT_CONVERSION = YES;
				CLANG_WARN_DEPRECATED_OBJC_IMPLEMENTATIONS = YES;
				CLANG_WARN_DIRECT_OBJC_ISA_USAGE = YES_ERROR;
				CLANG_WARN_DOCUMENTATION_COMMENTS = YES;
				CLANG_WARN_EMPTY_BODY = YES;
				CLANG_WARN_ENUM_CONVERSION = YES;
				CLANG_WARN_INFINITE_RECURSION = YES;
				CLANG_WARN_INT_CONVERSION = YES;
				CLANG_WARN_NON_LITERAL_NULL_CONVERSION = YES;
				CLANG_WARN_OBJC_IMPLICIT_RETAIN_SELF = YES;
				CLANG_WARN_OBJC_LITERAL_CONVERSION = YES;
				CLANG_WARN_OBJC_ROOT_CLASS = YES_ERROR;
				CLANG_WARN_QUOTED_INCLUDE_IN_FRAMEWORK_HEADER = YES;
				CLANG_WARN_RANGE_LOOP_ANALYSIS = YES;
				CLANG_WARN_STRICT_PROTOTYPES = YES;
				CLANG_WARN_SUSPICIOUS_MOVE = YES;
				CLANG_WARN_UNGUARDED_AVAILABILITY = YES_AGGRESSIVE;
				CLANG_WARN_UNREACHABLE_CODE = YES;
				CLANG_WARN__DUPLICATE_METHOD_MATCH = YES;
				COPY_PHASE_STRIP = NO;
				DEBUG_INFORMATION_FORMAT = dwarf;
				ENABLE_STRICT_OBJC_MSGSEND = YES;
				ENABLE_TESTABILITY = YES;
				GCC_C_LANGUAGE_STANDARD = gnu11;
				GCC_DYNAMIC_NO_PIC = NO;
				GCC_NO_COMMON_BLOCKS = YES;
				GCC_OPTIMIZATION_LEVEL = 0;
				GCC_PREPROCESSOR_DEFINITIONS = (
					"DEBUG=1",
					"$(inherited)",
				);
				GCC_WARN_64_TO_32_BIT_CONVERSION = YES;
				GCC_WARN_ABOUT_RETURN_TYPE = YES_ERROR;
				GCC_WARN_UNDECLARED_SELECTOR = YES;
				GCC_WARN_UNINITIALIZED_AUTOS = YES_AGGRESSIVE;
				GCC_WARN_UNUSED_FUNCTION = YES;
				GCC_WARN_UNUSED_VARIABLE = YES;
				MTL_ENABLE_DEBUG_INFO = INCLUDE_SOURCE;
				MTL_FAST_MATH = YES;
				ONLY_ACTIVE_ARCH = YES;
				SWIFT_ACTIVE_COMPILATION_CONDITIONS = DEBUG;
				SWIFT_OPTIMIZATION_LEVEL = "-Onone";
			};
			name = Debug;
		};
		81F98B3425019C7400A114B2 /* Release */ = {
			isa = XCBuildConfiguration;
			buildSettings = {
				ALWAYS_SEARCH_USER_PATHS = NO;
				CLANG_ANALYZER_NONNULL = YES;
				CLANG_ANALYZER_NUMBER_OBJECT_CONVERSION = YES_AGGRESSIVE;
				CLANG_CXX_LANGUAGE_STANDARD = "gnu++14";
				CLANG_CXX_LIBRARY = "libc++";
				CLANG_ENABLE_MODULES = YES;
				CLANG_ENABLE_OBJC_ARC = YES;
				CLANG_ENABLE_OBJC_WEAK = YES;
				CLANG_WARN_BLOCK_CAPTURE_AUTORELEASING = YES;
				CLANG_WARN_BOOL_CONVERSION = YES;
				CLANG_WARN_COMMA = YES;
				CLANG_WARN_CONSTANT_CONVERSION = YES;
				CLANG_WARN_DEPRECATED_OBJC_IMPLEMENTATIONS = YES;
				CLANG_WARN_DIRECT_OBJC_ISA_USAGE = YES_ERROR;
				CLANG_WARN_DOCUMENTATION_COMMENTS = YES;
				CLANG_WARN_EMPTY_BODY = YES;
				CLANG_WARN_ENUM_CONVERSION = YES;
				CLANG_WARN_INFINITE_RECURSION = YES;
				CLANG_WARN_INT_CONVERSION = YES;
				CLANG_WARN_NON_LITERAL_NULL_CONVERSION = YES;
				CLANG_WARN_OBJC_IMPLICIT_RETAIN_SELF = YES;
				CLANG_WARN_OBJC_LITERAL_CONVERSION = YES;
				CLANG_WARN_OBJC_ROOT_CLASS = YES_ERROR;
				CLANG_WARN_QUOTED_INCLUDE_IN_FRAMEWORK_HEADER = YES;
				CLANG_WARN_RANGE_LOOP_ANALYSIS = YES;
				CLANG_WARN_STRICT_PROTOTYPES = YES;
				CLANG_WARN_SUSPICIOUS_MOVE = YES;
				CLANG_WARN_UNGUARDED_AVAILABILITY = YES_AGGRESSIVE;
				CLANG_WARN_UNREACHABLE_CODE = YES;
				CLANG_WARN__DUPLICATE_METHOD_MATCH = YES;
				COPY_PHASE_STRIP = NO;
				DEBUG_INFORMATION_FORMAT = "dwarf-with-dsym";
				ENABLE_NS_ASSERTIONS = NO;
				ENABLE_STRICT_OBJC_MSGSEND = YES;
				GCC_C_LANGUAGE_STANDARD = gnu11;
				GCC_NO_COMMON_BLOCKS = YES;
				GCC_WARN_64_TO_32_BIT_CONVERSION = YES;
				GCC_WARN_ABOUT_RETURN_TYPE = YES_ERROR;
				GCC_WARN_UNDECLARED_SELECTOR = YES;
				GCC_WARN_UNINITIALIZED_AUTOS = YES_AGGRESSIVE;
				GCC_WARN_UNUSED_FUNCTION = YES;
				GCC_WARN_UNUSED_VARIABLE = YES;
				MTL_ENABLE_DEBUG_INFO = NO;
				MTL_FAST_MATH = YES;
				SWIFT_COMPILATION_MODE = wholemodule;
				SWIFT_OPTIMIZATION_LEVEL = "-O";
			};
			name = Release;
		};
		81F98B3625019C7400A114B2 /* Debug */ = {
			isa = XCBuildConfiguration;
			buildSettings = {
				ASSETCATALOG_COMPILER_APPICON_NAME = AppIcon;
				ASSETCATALOG_COMPILER_GLOBAL_ACCENT_COLOR_NAME = AccentColor;
				CODE_SIGN_STYLE = Automatic;
				DEVELOPMENT_TEAM = U2ZN2W2UQJ;
				ENABLE_PREVIEWS = YES;
				INFOPLIST_FILE = iOS/Info.plist;
				IPHONEOS_DEPLOYMENT_TARGET = 14.0;
				LD_RUNPATH_SEARCH_PATHS = (
					"$(inherited)",
					"@executable_path/Frameworks",
				);
				PRODUCT_BUNDLE_IDENTIFIER = ca.russellgordon.SinusoidalFunctions;
				PRODUCT_NAME = SinusoidalFunctions;
				SDKROOT = iphoneos;
				SWIFT_VERSION = 5.0;
				TARGETED_DEVICE_FAMILY = "1,2";
			};
			name = Debug;
		};
		81F98B3725019C7400A114B2 /* Release */ = {
			isa = XCBuildConfiguration;
			buildSettings = {
				ASSETCATALOG_COMPILER_APPICON_NAME = AppIcon;
				ASSETCATALOG_COMPILER_GLOBAL_ACCENT_COLOR_NAME = AccentColor;
				CODE_SIGN_STYLE = Automatic;
				DEVELOPMENT_TEAM = U2ZN2W2UQJ;
				ENABLE_PREVIEWS = YES;
				INFOPLIST_FILE = iOS/Info.plist;
				IPHONEOS_DEPLOYMENT_TARGET = 14.0;
				LD_RUNPATH_SEARCH_PATHS = (
					"$(inherited)",
					"@executable_path/Frameworks",
				);
				PRODUCT_BUNDLE_IDENTIFIER = ca.russellgordon.SinusoidalFunctions;
				PRODUCT_NAME = SinusoidalFunctions;
				SDKROOT = iphoneos;
				SWIFT_VERSION = 5.0;
				TARGETED_DEVICE_FAMILY = "1,2";
				VALIDATE_PRODUCT = YES;
			};
			name = Release;
		};
		81F98B3925019C7400A114B2 /* Debug */ = {
			isa = XCBuildConfiguration;
			buildSettings = {
				ASSETCATALOG_COMPILER_APPICON_NAME = AppIcon;
				ASSETCATALOG_COMPILER_GLOBAL_ACCENT_COLOR_NAME = AccentColor;
				CODE_SIGN_ENTITLEMENTS = macOS/macOS.entitlements;
				CODE_SIGN_STYLE = Automatic;
				COMBINE_HIDPI_IMAGES = YES;
				DEVELOPMENT_TEAM = U2ZN2W2UQJ;
				ENABLE_HARDENED_RUNTIME = YES;
				ENABLE_PREVIEWS = YES;
				INFOPLIST_FILE = macOS/Info.plist;
				LD_RUNPATH_SEARCH_PATHS = (
					"$(inherited)",
					"@executable_path/../Frameworks",
				);
				MACOSX_DEPLOYMENT_TARGET = 11.0;
				PRODUCT_BUNDLE_IDENTIFIER = ca.russellgordon.SinusoidalFunctions;
				PRODUCT_NAME = SinusoidalFunctions;
				SDKROOT = macosx;
				SWIFT_VERSION = 5.0;
			};
			name = Debug;
		};
		81F98B3A25019C7400A114B2 /* Release */ = {
			isa = XCBuildConfiguration;
			buildSettings = {
				ASSETCATALOG_COMPILER_APPICON_NAME = AppIcon;
				ASSETCATALOG_COMPILER_GLOBAL_ACCENT_COLOR_NAME = AccentColor;
				CODE_SIGN_ENTITLEMENTS = macOS/macOS.entitlements;
				CODE_SIGN_STYLE = Automatic;
				COMBINE_HIDPI_IMAGES = YES;
				DEVELOPMENT_TEAM = U2ZN2W2UQJ;
				ENABLE_HARDENED_RUNTIME = YES;
				ENABLE_PREVIEWS = YES;
				INFOPLIST_FILE = macOS/Info.plist;
				LD_RUNPATH_SEARCH_PATHS = (
					"$(inherited)",
					"@executable_path/../Frameworks",
				);
				MACOSX_DEPLOYMENT_TARGET = 11.0;
				PRODUCT_BUNDLE_IDENTIFIER = ca.russellgordon.SinusoidalFunctions;
				PRODUCT_NAME = SinusoidalFunctions;
				SDKROOT = macosx;
				SWIFT_VERSION = 5.0;
			};
			name = Release;
		};
/* End XCBuildConfiguration section */

/* Begin XCConfigurationList section */
		81F98B1825019C7200A114B2 /* Build configuration list for PBXProject "SinusoidalFunctions" */ = {
			isa = XCConfigurationList;
			buildConfigurations = (
				81F98B3325019C7400A114B2 /* Debug */,
				81F98B3425019C7400A114B2 /* Release */,
			);
			defaultConfigurationIsVisible = 0;
			defaultConfigurationName = Release;
		};
		81F98B3525019C7400A114B2 /* Build configuration list for PBXNativeTarget "SinusoidalFunctions (iOS)" */ = {
			isa = XCConfigurationList;
			buildConfigurations = (
				81F98B3625019C7400A114B2 /* Debug */,
				81F98B3725019C7400A114B2 /* Release */,
			);
			defaultConfigurationIsVisible = 0;
			defaultConfigurationName = Release;
		};
		81F98B3825019C7400A114B2 /* Build configuration list for PBXNativeTarget "SinusoidalFunctions (macOS)" */ = {
			isa = XCConfigurationList;
			buildConfigurations = (
				81F98B3925019C7400A114B2 /* Debug */,
				81F98B3A25019C7400A114B2 /* Release */,
			);
			defaultConfigurationIsVisible = 0;
			defaultConfigurationName = Release;
		};
/* End XCConfigurationList section */
	};
	rootObject = 81F98B1525019C7200A114B2 /* Project object */;
}
